{
  "name": "ngx-diagrams",
  "version": "0.0.0-semantically-released",
  "lockfileVersion": 1,
  "requires": true,
  "dependencies": {
    "heap": {
      "version": "0.2.5",
      "resolved": "https://registry.npmjs.org/heap/-/heap-0.2.5.tgz",
      "integrity": "sha1-cTtlWQ68xA/L7q9V6FFpQJKzmvE="
    },
    "pathfinding": {
      "version": "0.4.18",
      "resolved": "https://registry.npmjs.org/pathfinding/-/pathfinding-0.4.18.tgz",
      "integrity": "sha1-qZkPb6IrfvGW5WUbBJFlQDoEX+g=",
      "requires": {
        "heap": "0.2.5"
      }
    },
    "paths-js": {
      "version": "0.4.7",
      "resolved": "https://registry.npmjs.org/paths-js/-/paths-js-0.4.7.tgz",
      "integrity": "sha512-a6pYqToBgB/V7YUHHviYdRq41IcijUjY9XJ1NKu2COrR5eLhrx+HPZ/VL6vC3vyg3z4T6K00wsVMAqTzSR3ppg=="
    }
  }
}
